
Microsoft Visual Studio Solution File, Format Version 12.00
# Visual Studio Version 17
VisualStudioVersion = 17.2.32616.157
MinimumVisualStudioVersion = 10.0.40219.1
Project("{FAE04EC0-301F-11D3-BF4B-00C04F79EFBC}") = "projectX", "projectX\projectX.csproj", "{6FD5CCB9-7E33-4B97-B24B-875C5B298D7A}"
EndProject
Global
	GlobalSection(SolutionConfigurationPlatforms) = preSolution
		Debug|Any CPU = Debug|Any CPU
		Release|Any CPU = Release|Any CPU
	EndGlobalSection
	GlobalSection(ProjectConfigurationPlatforms) = postSolution
		{6FD5CCB9-7E33-4B97-B24B-875C5B298D7A}.Debug|Any CPU.ActiveCfg = Debug|Any CPU
		{6FD5CCB9-7E33-4B97-B24B-875C5B298D7A}.Debug|Any CPU.Build.0 = Debug|Any CPU
		{6FD5CCB9-7E33-4B97-B24B-875C5B298D7A}.Release|Any CPU.ActiveCfg = Release|Any CPU
		{6FD5CCB9-7E33-4B97-B24B-875C5B298D7A}.Release|Any CPU.Build.0 = Release|Any CPU
	EndGlobalSection
	GlobalSection(SolutionProperties) = preSolution
		HideSolutionNode = FALSE
	EndGlobalSection
	GlobalSection(ExtensibilityGlobals) = postSolution
		SolutionGuid = {1D982BB9-6FDF-4724-9088-43980360BCE7}
	EndGlobalSection
EndGlobal
